// !$*UTF8*$!
{
	archiveVersion = 1;
	classes = {
	};
	objectVersion = 46;
	objects = {

/* Begin PBXBuildFile section */
		9EF7C0021D5DEF3A001B97AC /* main.m in Sources */ = {isa = PBXBuildFile; fileRef = 9EF7C0011D5DEF3A001B97AC /* main.m */; };
		9EF7C0051D5DEF3A001B97AC /* AppDelegate.m in Sources */ = {isa = PBXBuildFile; fileRef = 9EF7C0041D5DEF3A001B97AC /* AppDelegate.m */; };
		9EF7C0081D5DEF3A001B97AC /* ViewController.m in Sources */ = {isa = PBXBuildFile; fileRef = 9EF7C0071D5DEF3A001B97AC /* ViewController.m */; };
		9EF7C00B1D5DEF3A001B97AC /* Main.storyboard in Resources */ = {isa = PBXBuildFile; fileRef = 9EF7C0091D5DEF3A001B97AC /* Main.storyboard */; };
		9EF7C00D1D5DEF3A001B97AC /* Assets.xcassets in Resources */ = {isa = PBXBuildFile; fileRef = 9EF7C00C1D5DEF3A001B97AC /* Assets.xcassets */; };
		9EF7C0101D5DEF3A001B97AC /* LaunchScreen.storyboard in Resources */ = {isa = PBXBuildFile; fileRef = 9EF7C00E1D5DEF3A001B97AC /* LaunchScreen.storyboard */; };
		9EF7C01B1D5DEF3A001B97AC /* CollageImageTests.m in Sources */ = {isa = PBXBuildFile; fileRef = 9EF7C01A1D5DEF3A001B97AC /* CollageImageTests.m */; };
		9EF7C0261D5DEF3A001B97AC /* CollageImageUITests.m in Sources */ = {isa = PBXBuildFile; fileRef = 9EF7C0251D5DEF3A001B97AC /* CollageImageUITests.m */; };
		9EF7C0371D5DF487001B97AC /* lion.jpg in Resources */ = {isa = PBXBuildFile; fileRef = 9EF7C0331D5DF487001B97AC /* lion.jpg */; };
		9EF7C0381D5DF487001B97AC /* First_Swim.png in Resources */ = {isa = PBXBuildFile; fileRef = 9EF7C0341D5DF487001B97AC /* First_Swim.png */; };
		9EF7C0391D5DF487001B97AC /* bulls.png in Resources */ = {isa = PBXBuildFile; fileRef = 9EF7C0351D5DF487001B97AC /* bulls.png */; };
		9EF7C03A1D5DF487001B97AC /* sharks.png in Resources */ = {isa = PBXBuildFile; fileRef = 9EF7C0361D5DF487001B97AC /* sharks.png */; };
/* End PBXBuildFile section */

/* Begin PBXContainerItemProxy section */
		9EF7C0171D5DEF3A001B97AC /* PBXContainerItemProxy */ = {
			isa = PBXContainerItemProxy;
			containerPortal = 9EF7BFF51D5DEF3A001B97AC /* Project object */;
			proxyType = 1;
			remoteGlobalIDString = 9EF7BFFC1D5DEF3A001B97AC;
			remoteInfo = CollageImage;
		};
		9EF7C0221D5DEF3A001B97AC /* PBXContainerItemProxy */ = {
			isa = PBXContainerItemProxy;
			containerPortal = 9EF7BFF51D5DEF3A001B97AC /* Project object */;
			proxyType = 1;
			remoteGlobalIDString = 9EF7BFFC1D5DEF3A001B97AC;
			remoteInfo = CollageImage;
		};
/* End PBXContainerItemProxy section */

/* Begin PBXFileReference section */
		9EF7BFFD1D5DEF3A001B97AC /* CollageImage.app */ = {isa = PBXFileReference; explicitFileType = wrapper.application; includeInIndex = 0; path = CollageImage.app; sourceTree = BUILT_PRODUCTS_DIR; };
		9EF7C0011D5DEF3A001B97AC /* main.m */ = {isa = PBXFileReference; lastKnownFileType = sourcecode.c.objc; path = main.m; sourceTree = "<group>"; };
		9EF7C0031D5DEF3A001B97AC /* AppDelegate.h */ = {isa = PBXFileReference; lastKnownFileType = sourcecode.c.h; path = AppDelegate.h; sourceTree = "<group>"; };
		9EF7C0041D5DEF3A001B97AC /* AppDelegate.m */ = {isa = PBXFileReference; lastKnownFileType = sourcecode.c.objc; path = AppDelegate.m; sourceTree = "<group>"; };
		9EF7C0061D5DEF3A001B97AC /* ViewController.h */ = {isa = PBXFileReference; lastKnownFileType = sourcecode.c.h; path = ViewController.h; sourceTree = "<group>"; };
		9EF7C0071D5DEF3A001B97AC /* ViewController.m */ = {isa = PBXFileReference; lastKnownFileType = sourcecode.c.objc; path = ViewController.m; sourceTree = "<group>"; };
		9EF7C00A1D5DEF3A001B97AC /* Base */ = {isa = PBXFileReference; lastKnownFileType = file.storyboard; name = Base; path = Base.lproj/Main.storyboard; sourceTree = "<group>"; };
		9EF7C00C1D5DEF3A001B97AC /* Assets.xcassets */ = {isa = PBXFileReference; lastKnownFileType = folder.assetcatalog; path = Assets.xcassets; sourceTree = "<group>"; };
		9EF7C00F1D5DEF3A001B97AC /* Base */ = {isa = PBXFileReference; lastKnownFileType = file.storyboard; name = Base; path = Base.lproj/LaunchScreen.storyboard; sourceTree = "<group>"; };
		9EF7C0111D5DEF3A001B97AC /* Info.plist */ = {isa = PBXFileReference; lastKnownFileType = text.plist.xml; path = Info.plist; sourceTree = "<group>"; };
		9EF7C0161D5DEF3A001B97AC /* CollageImageTests.xctest */ = {isa = PBXFileReference; explicitFileType = wrapper.cfbundle; includeInIndex = 0; path = CollageImageTests.xctest; sourceTree = BUILT_PRODUCTS_DIR; };
		9EF7C01A1D5DEF3A001B97AC /* CollageImageTests.m */ = {isa = PBXFileReference; lastKnownFileType = sourcecode.c.objc; path = CollageImageTests.m; sourceTree = "<group>"; };
		9EF7C01C1D5DEF3A001B97AC /* Info.plist */ = {isa = PBXFileReference; lastKnownFileType = text.plist.xml; path = Info.plist; sourceTree = "<group>"; };
		9EF7C0211D5DEF3A001B97AC /* CollageImageUITests.xctest */ = {isa = PBXFileReference; explicitFileType = wrapper.cfbundle; includeInIndex = 0; path = CollageImageUITests.xctest; sourceTree = BUILT_PRODUCTS_DIR; };
		9EF7C0251D5DEF3A001B97AC /* CollageImageUITests.m */ = {isa = PBXFileReference; lastKnownFileType = sourcecode.c.objc; path = CollageImageUITests.m; sourceTree = "<group>"; };
		9EF7C0271D5DEF3A001B97AC /* Info.plist */ = {isa = PBXFileReference; lastKnownFileType = text.plist.xml; path = Info.plist; sourceTree = "<group>"; };
		9EF7C0331D5DF487001B97AC /* lion.jpg */ = {isa = PBXFileReference; lastKnownFileType = image.jpeg; name = lion.jpg; path = ../../../../../../../../Downloads/wallpapers/lion.jpg; sourceTree = "<group>"; };
		9EF7C0341D5DF487001B97AC /* First_Swim.png */ = {isa = PBXFileReference; lastKnownFileType = image.png; name = First_Swim.png; path = ../../../../../../../../Downloads/wallpapers/First_Swim.png; sourceTree = "<group>"; };
		9EF7C0351D5DF487001B97AC /* bulls.png */ = {isa = PBXFileReference; lastKnownFileType = image.png; name = bulls.png; path = ../../../../../../../../Downloads/wallpapers/bulls.png; sourceTree = "<group>"; };
		9EF7C0361D5DF487001B97AC /* sharks.png */ = {isa = PBXFileReference; lastKnownFileType = image.png; name = sharks.png; path = ../../../../../../../../Downloads/wallpapers/sharks.png; sourceTree = "<group>"; };
/* End PBXFileReference section */

/* Begin PBXFrameworksBuildPhase section */
		9EF7BFFA1D5DEF3A001B97AC /* Frameworks */ = {
			isa = PBXFrameworksBuildPhase;
			buildActionMask = 2147483647;
			files = (
			);
			runOnlyForDeploymentPostprocessing = 0;
		};
		9EF7C0131D5DEF3A001B97AC /* Frameworks */ = {
			isa = PBXFrameworksBuildPhase;
			buildActionMask = 2147483647;
			files = (
			);
			runOnlyForDeploymentPostprocessing = 0;
		};
		9EF7C01E1D5DEF3A001B97AC /* Frameworks */ = {
			isa = PBXFrameworksBuildPhase;
			buildActionMask = 2147483647;
			files = (
			);
			runOnlyForDeploymentPostprocessing = 0;
		};
/* End PBXFrameworksBuildPhase section */

/* Begin PBXGroup section */
		9EF7BFF41D5DEF3A001B97AC = {
			isa = PBXGroup;
			children = (
				9EF7BFFF1D5DEF3A001B97AC /* CollageImage */,
				9EF7C0191D5DEF3A001B97AC /* CollageImageTests */,
				9EF7C0241D5DEF3A001B97AC /* CollageImageUITests */,
				9EF7BFFE1D5DEF3A001B97AC /* Products */,
			);
			sourceTree = "<group>";
		};
		9EF7BFFE1D5DEF3A001B97AC /* Products */ = {
			isa = PBXGroup;
			children = (
				9EF7BFFD1D5DEF3A001B97AC /* CollageImage.app */,
				9EF7C0161D5DEF3A001B97AC /* CollageImageTests.xctest */,
				9EF7C0211D5DEF3A001B97AC /* CollageImageUITests.xctest */,
			);
			name = Products;
			sourceTree = "<group>";
		};
		9EF7BFFF1D5DEF3A001B97AC /* CollageImage */ = {
			isa = PBXGroup;
			children = (
				9EF7C0031D5DEF3A001B97AC /* AppDelegate.h */,
				9EF7C0041D5DEF3A001B97AC /* AppDelegate.m */,
				9EF7C0061D5DEF3A001B97AC /* ViewController.h */,
				9EF7C0071D5DEF3A001B97AC /* ViewController.m */,
				9EF7C0091D5DEF3A001B97AC /* Main.storyboard */,
				9EF7C00C1D5DEF3A001B97AC /* Assets.xcassets */,
				9EF7C00E1D5DEF3A001B97AC /* LaunchScreen.storyboard */,
				9EF7C0111D5DEF3A001B97AC /* Info.plist */,
				9EF7C03B1D5DF4CB001B97AC /* Images */,
				9EF7C0001D5DEF3A001B97AC /* Supporting Files */,
			);
			path = CollageImage;
			sourceTree = "<group>";
		};
		9EF7C0001D5DEF3A001B97AC /* Supporting Files */ = {
			isa = PBXGroup;
			children = (
				9EF7C0011D5DEF3A001B97AC /* main.m */,
			);
			name = "Supporting Files";
			sourceTree = "<group>";
		};
		9EF7C0191D5DEF3A001B97AC /* CollageImageTests */ = {
			isa = PBXGroup;
			children = (
				9EF7C01A1D5DEF3A001B97AC /* CollageImageTests.m */,
				9EF7C01C1D5DEF3A001B97AC /* Info.plist */,
			);
			path = CollageImageTests;
			sourceTree = "<group>";
		};
		9EF7C0241D5DEF3A001B97AC /* CollageImageUITests */ = {
			isa = PBXGroup;
			children = (
				9EF7C0251D5DEF3A001B97AC /* CollageImageUITests.m */,
				9EF7C0271D5DEF3A001B97AC /* Info.plist */,
			);
			path = CollageImageUITests;
			sourceTree = "<group>";
		};
		9EF7C03B1D5DF4CB001B97AC /* Images */ = {
			isa = PBXGroup;
			children = (
				9EF7C0331D5DF487001B97AC /* lion.jpg */,
				9EF7C0341D5DF487001B97AC /* First_Swim.png */,
				9EF7C0351D5DF487001B97AC /* bulls.png */,
				9EF7C0361D5DF487001B97AC /* sharks.png */,
			);
			name = Images;
			sourceTree = "<group>";
		};
/* End PBXGroup section */

/* Begin PBXNativeTarget section */
		9EF7BFFC1D5DEF3A001B97AC /* CollageImage */ = {
			isa = PBXNativeTarget;
			buildConfigurationList = 9EF7C02A1D5DEF3A001B97AC /* Build configuration list for PBXNativeTarget "CollageImage" */;
			buildPhases = (
				9EF7BFF91D5DEF3A001B97AC /* Sources */,
				9EF7BFFA1D5DEF3A001B97AC /* Frameworks */,
				9EF7BFFB1D5DEF3A001B97AC /* Resources */,
			);
			buildRules = (
			);
			dependencies = (
			);
			name = CollageImage;
			productName = CollageImage;
			productReference = 9EF7BFFD1D5DEF3A001B97AC /* CollageImage.app */;
			productType = "com.apple.product-type.application";
		};
		9EF7C0151D5DEF3A001B97AC /* CollageImageTests */ = {
			isa = PBXNativeTarget;
			buildConfigurationList = 9EF7C02D1D5DEF3A001B97AC /* Build configuration list for PBXNativeTarget "CollageImageTests" */;
			buildPhases = (
				9EF7C0121D5DEF3A001B97AC /* Sources */,
				9EF7C0131D5DEF3A001B97AC /* Frameworks */,
				9EF7C0141D5DEF3A001B97AC /* Resources */,
			);
			buildRules = (
			);
			dependencies = (
				9EF7C0181D5DEF3A001B97AC /* PBXTargetDependency */,
			);
			name = CollageImageTests;
			productName = CollageImageTests;
			productReference = 9EF7C0161D5DEF3A001B97AC /* CollageImageTests.xctest */;
			productType = "com.apple.product-type.bundle.unit-test";
		};
		9EF7C0201D5DEF3A001B97AC /* CollageImageUITests */ = {
			isa = PBXNativeTarget;
			buildConfigurationList = 9EF7C0301D5DEF3A001B97AC /* Build configuration list for PBXNativeTarget "CollageImageUITests" */;
			buildPhases = (
				9EF7C01D1D5DEF3A001B97AC /* Sources */,
				9EF7C01E1D5DEF3A001B97AC /* Frameworks */,
				9EF7C01F1D5DEF3A001B97AC /* Resources */,
			);
			buildRules = (
			);
			dependencies = (
				9EF7C0231D5DEF3A001B97AC /* PBXTargetDependency */,
			);
			name = CollageImageUITests;
			productName = CollageImageUITests;
			productReference = 9EF7C0211D5DEF3A001B97AC /* CollageImageUITests.xctest */;
			productType = "com.apple.product-type.bundle.ui-testing";
		};
/* End PBXNativeTarget section */

/* Begin PBXProject section */
		9EF7BFF51D5DEF3A001B97AC /* Project object */ = {
			isa = PBXProject;
			attributes = {
				LastUpgradeCheck = 0730;
				ORGANIZATIONNAME = "S@nchit";
				TargetAttributes = {
					9EF7BFFC1D5DEF3A001B97AC = {
						CreatedOnToolsVersion = 7.3.1;
					};
					9EF7C0151D5DEF3A001B97AC = {
						CreatedOnToolsVersion = 7.3.1;
						TestTargetID = 9EF7BFFC1D5DEF3A001B97AC;
					};
					9EF7C0201D5DEF3A001B97AC = {
						CreatedOnToolsVersion = 7.3.1;
						TestTargetID = 9EF7BFFC1D5DEF3A001B97AC;
					};
				};
			};
			buildConfigurationList = 9EF7BFF81D5DEF3A001B97AC /* Build configuration list for PBXProject "CollageImage" */;
			compatibilityVersion = "Xcode 3.2";
			developmentRegion = English;
			hasScannedForEncodings = 0;
			knownRegions = (
				en,
				Base,
			);
			mainGroup = 9EF7BFF41D5DEF3A001B97AC;
			productRefGroup = 9EF7BFFE1D5DEF3A001B97AC /* Products */;
			projectDirPath = "";
			projectRoot = "";
			targets = (
				9EF7BFFC1D5DEF3A001B97AC /* CollageImage */,
				9EF7C0151D5DEF3A001B97AC /* CollageImageTests */,
				9EF7C0201D5DEF3A001B97AC /* CollageImageUITests */,
			);
		};
/* End PBXProject section */

/* Begin PBXResourcesBuildPhase section */
		9EF7BFFB1D5DEF3A001B97AC /* Resources */ = {
			isa = PBXResourcesBuildPhase;
			buildActionMask = 2147483647;
			files = (
				9EF7C0391D5DF487001B97AC /* bulls.png in Resources */,
				9EF7C0101D5DEF3A001B97AC /* LaunchScreen.storyboard in Resources */,
				9EF7C00D1D5DEF3A001B97AC /* Assets.xcassets in Resources */,
				9EF7C0381D5DF487001B97AC /* First_Swim.png in Resources */,
				9EF7C03A1D5DF487001B97AC /* sharks.png in Resources */,
				9EF7C0371D5DF487001B97AC /* lion.jpg in Resources */,
				9EF7C00B1D5DEF3A001B97AC /* Main.storyboard in Resources */,
			);
			runOnlyForDeploymentPostprocessing = 0;
		};
		9EF7C0141D5DEF3A001B97AC /* Resources */ = {
			isa = PBXResourcesBuildPhase;
			buildActionMask = 2147483647;
			files = (
			);
			runOnlyForDeploymentPostprocessing = 0;
		};
		9EF7C01F1D5DEF3A001B97AC /* Resources */ = {
			isa = PBXResourcesBuildPhase;
			buildActionMask = 2147483647;
			files = (
			);
			runOnlyForDeploymentPostprocessing = 0;
		};
/* End PBXResourcesBuildPhase section */

/* Begin PBXSourcesBuildPhase section */
		9EF7BFF91D5DEF3A001B97AC /* Sources */ = {
			isa = PBXSourcesBuildPhase;
			buildActionMask = 2147483647;
			files = (
				9EF7C0081D5DEF3A001B97AC /* ViewController.m in Sources */,
				9EF7C0051D5DEF3A001B97AC /* AppDelegate.m in Sources */,
				9EF7C0021D5DEF3A001B97AC /* main.m in Sources */,
			);
			runOnlyForDeploymentPostprocessing = 0;
		};
		9EF7C0121D5DEF3A001B97AC /* Sources */ = {
			isa = PBXSourcesBuildPhase;
			buildActionMask = 2147483647;
			files = (
				9EF7C01B1D5DEF3A001B97AC /* CollageImageTests.m in Sources */,
			);
			runOnlyForDeploymentPostprocessing = 0;
		};
		9EF7C01D1D5DEF3A001B97AC /* Sources */ = {
			isa = PBXSourcesBuildPhase;
			buildActionMask = 2147483647;
			files = (
				9EF7C0261D5DEF3A001B97AC /* CollageImageUITests.m in Sources */,
			);
			runOnlyForDeploymentPostprocessing = 0;
		};
/* End PBXSourcesBuildPhase section */

/* Begin PBXTargetDependency section */
		9EF7C0181D5DEF3A001B97AC /* PBXTargetDependency */ = {
			isa = PBXTargetDependency;
			target = 9EF7BFFC1D5DEF3A001B97AC /* CollageImage */;
			targetProxy = 9EF7C0171D5DEF3A001B97AC /* PBXContainerItemProxy */;
		};
		9EF7C0231D5DEF3A001B97AC /* PBXTargetDependency */ = {
			isa = PBXTargetDependency;
			target = 9EF7BFFC1D5DEF3A001B97AC /* CollageImage */;
			targetProxy = 9EF7C0221D5DEF3A001B97AC /* PBXContainerItemProxy */;
		};
/* End PBXTargetDependency section */

/* Begin PBXVariantGroup section */
		9EF7C0091D5DEF3A001B97AC /* Main.storyboard */ = {
			isa = PBXVariantGroup;
			children = (
				9EF7C00A1D5DEF3A001B97AC /* Base */,
			);
			name = Main.storyboard;
			sourceTree = "<group>";
		};
		9EF7C00E1D5DEF3A001B97AC /* LaunchScreen.storyboard */ = {
			isa = PBXVariantGroup;
			children = (
				9EF7C00F1D5DEF3A001B97AC /* Base */,
			);
			name = LaunchScreen.storyboard;
			sourceTree = "<group>";
		};
/* End PBXVariantGroup section */

/* Begin XCBuildConfiguration section */
		9EF7C0281D5DEF3A001B97AC /* Debug */ = {
			isa = XCBuildConfiguration;
			buildSettings = {
				ALWAYS_SEARCH_USER_PATHS = NO;
				CLANG_ANALYZER_NONNULL = YES;
				CLANG_CXX_LANGUAGE_STANDARD = "gnu++0x";
				CLANG_CXX_LIBRARY = "libc++";
				CLANG_ENABLE_MODULES = YES;
				CLANG_ENABLE_OBJC_ARC = YES;
				CLANG_WARN_BOOL_CONVERSION = YES;
				CLANG_WARN_CONSTANT_CONVERSION = YES;
				CLANG_WARN_DIRECT_OBJC_ISA_USAGE = YES_ERROR;
				CLANG_WARN_EMPTY_BODY = YES;
				CLANG_WARN_ENUM_CONVERSION = YES;
				CLANG_WARN_INT_CONVERSION = YES;
				CLANG_WARN_OBJC_ROOT_CLASS = YES_ERROR;
				CLANG_WARN_UNREACHABLE_CODE = YES;
				CLANG_WARN__DUPLICATE_METHOD_MATCH = YES;
				"CODE_SIGN_IDENTITY[sdk=iphoneos*]" = "iPhone Developer";
				COPY_PHASE_STRIP = NO;
				DEBUG_INFORMATION_FORMAT = dwarf;
				ENABLE_STRICT_OBJC_MSGSEND = YES;
				ENABLE_TESTABILITY = YES;
				GCC_C_LANGUAGE_STANDARD = gnu99;
				GCC_DYNAMIC_NO_PIC = NO;
				GCC_NO_COMMON_BLOCKS = YES;
				GCC_OPTIMIZATION_LEVEL = 0;
				GCC_PREPROCESSOR_DEFINITIONS = (
					"DEBUG=1",
					"$(inherited)",
				);
				GCC_WARN_64_TO_32_BIT_CONVERSION = YES;
				GCC_WARN_ABOUT_RETURN_TYPE = YES_ERROR;
				GCC_WARN_UNDECLARED_SELECTOR = YES;
				GCC_WARN_UNINITIALIZED_AUTOS = YES_AGGRESSIVE;
				GCC_WARN_UNUSED_FUNCTION = YES;
				GCC_WARN_UNUSED_VARIABLE = YES;
				IPHONEOS_DEPLOYMENT_TARGET = 9.3;
				MTL_ENABLE_DEBUG_INFO = YES;
				ONLY_ACTIVE_ARCH = YES;
				SDKROOT = iphoneos;
			};
			name = Debug;
		};
		9EF7C0291D5DEF3A001B97AC /* Release */ = {
			isa = XCBuildConfiguration;
			buildSettings = {
				ALWAYS_SEARCH_USER_PATHS = NO;
				CLANG_ANALYZER_NONNULL = YES;
				CLANG_CXX_LANGUAGE_STANDARD = "gnu++0x";
				CLANG_CXX_LIBRARY = "libc++";
				CLANG_ENABLE_MODULES = YES;
				CLANG_ENABLE_OBJC_ARC = YES;
				CLANG_WARN_BOOL_CONVERSION = YES;
				CLANG_WARN_CONSTANT_CONVERSION = YES;
				CLANG_WARN_DIRECT_OBJC_ISA_USAGE = YES_ERROR;
				CLANG_WARN_EMPTY_BODY = YES;
				CLANG_WARN_ENUM_CONVERSION = YES;
				CLANG_WARN_INT_CONVERSION = YES;
				CLANG_WARN_OBJC_ROOT_CLASS = YES_ERROR;
				CLANG_WARN_UNREACHABLE_CODE = YES;
				CLANG_WARN__DUPLICATE_METHOD_MATCH = YES;
				"CODE_SIGN_IDENTITY[sdk=iphoneos*]" = "iPhone Developer";
				COPY_PHASE_STRIP = NO;
				DEBUG_INFORMATION_FORMAT = "dwarf-with-dsym";
				ENABLE_NS_ASSERTIONS = NO;
				ENABLE_STRICT_OBJC_MSGSEND = YES;
				GCC_C_LANGUAGE_STANDARD = gnu99;
				GCC_NO_COMMON_BLOCKS = YES;
				GCC_WARN_64_TO_32_BIT_CONVERSION = YES;
				GCC_WARN_ABOUT_RETURN_TYPE = YES_ERROR;
				GCC_WARN_UNDECLARED_SELECTOR = YES;
				GCC_WARN_UNINITIALIZED_AUTOS = YES_AGGRESSIVE;
				GCC_WARN_UNUSED_FUNCTION = YES;
				GCC_WARN_UNUSED_VARIABLE = YES;
				IPHONEOS_DEPLOYMENT_TARGET = 9.3;
				MTL_ENABLE_DEBUG_INFO = NO;
				SDKROOT = iphoneos;
				VALIDATE_PRODUCT = YES;
			};
			name = Release;
		};
		9EF7C02B1D5DEF3A001B97AC /* Debug */ = {
			isa = XCBuildConfiguration;
			buildSettings = {
				ASSETCATALOG_COMPILER_APPICON_NAME = AppIcon;
				INFOPLIST_FILE = CollageImage/Info.plist;
				LD_RUNPATH_SEARCH_PATHS = "$(inherited) @executable_path/Frameworks";
				PRODUCT_BUNDLE_IDENTIFIER = com.til.gaana;
				PRODUCT_NAME = "$(TARGET_NAME)";
			};
			name = Debug;
		};
		9EF7C02C1D5DEF3A001B97AC /* Release */ = {
			isa = XCBuildConfiguration;
			buildSettings = {
				ASSETCATALOG_COMPILER_APPICON_NAME = AppIcon;
				INFOPLIST_FILE = CollageImage/Info.plist;
				LD_RUNPATH_SEARCH_PATHS = "$(inherited) @executable_path/Frameworks";
				PRODUCT_BUNDLE_IDENTIFIER = com.til.gaana;
				PRODUCT_NAME = "$(TARGET_NAME)";
			};
			name = Release;
		};
		9EF7C02E1D5DEF3A001B97AC /* Debug */ = {
			isa = XCBuildConfiguration;
			buildSettings = {
				BUNDLE_LOADER = "$(TEST_HOST)";
				INFOPLIST_FILE = CollageImageTests/Info.plist;
				LD_RUNPATH_SEARCH_PATHS = "$(inherited) @executable_path/Frameworks @loader_path/Frameworks";
				PRODUCT_BUNDLE_IDENTIFIER = com.til.gaana.CollageImageTests;
				PRODUCT_NAME = "$(TARGET_NAME)";
				TEST_HOST = "$(BUILT_PRODUCTS_DIR)/CollageImage.app/CollageImage";
			};
			name = Debug;
		};
		9EF7C02F1D5DEF3A001B97AC /* Release */ = {
			isa = XCBuildConfiguration;
			buildSettings = {
				BUNDLE_LOADER = "$(TEST_HOST)";
				INFOPLIST_FILE = CollageImageTests/Info.plist;
				LD_RUNPATH_SEARCH_PATHS = "$(inherited) @executable_path/Frameworks @loader_path/Frameworks";
				PRODUCT_BUNDLE_IDENTIFIER = com.til.gaana.CollageImageTests;
				PRODUCT_NAME = "$(TARGET_NAME)";
				TEST_HOST = "$(BUILT_PRODUCTS_DIR)/CollageImage.app/CollageImage";
			};
			name = Release;
		};
		9EF7C0311D5DEF3A001B97AC /* Debug */ = {
			isa = XCBuildConfiguration;
			buildSettings = {
				INFOPLIST_FILE = CollageImageUITests/Info.plist;
				LD_RUNPATH_SEARCH_PATHS = "$(inherited) @executable_path/Frameworks @loader_path/Frameworks";
				PRODUCT_BUNDLE_IDENTIFIER = com.til.gaana.CollageImageUITests;
				PRODUCT_NAME = "$(TARGET_NAME)";
				TEST_TARGET_NAME = CollageImage;
			};
			name = Debug;
		};
		9EF7C0321D5DEF3A001B97AC /* Release */ = {
			isa = XCBuildConfiguration;
			buildSettings = {
				INFOPLIST_FILE = CollageImageUITests/Info.plist;
				LD_RUNPATH_SEARCH_PATHS = "$(inherited) @executable_path/Frameworks @loader_path/Frameworks";
				PRODUCT_BUNDLE_IDENTIFIER = com.til.gaana.CollageImageUITests;
				PRODUCT_NAME = "$(TARGET_NAME)";
				TEST_TARGET_NAME = CollageImage;
			};
			name = Release;
		};
/* End XCBuildConfiguration section */

/* Begin XCConfigurationList section */
		9EF7BFF81D5DEF3A001B97AC /* Build configuration list for PBXProject "CollageImage" */ = {
			isa = XCConfigurationList;
			buildConfigurations = (
				9EF7C0281D5DEF3A001B97AC /* Debug */,
				9EF7C0291D5DEF3A001B97AC /* Release */,
			);
			defaultConfigurationIsVisible = 0;
			defaultConfigurationName = Release;
		};
		9EF7C02A1D5DEF3A001B97AC /* Build configuration list for PBXNativeTarget "CollageImage" */ = {
			isa = XCConfigurationList;
			buildConfigurations = (
				9EF7C02B1D5DEF3A001B97AC /* Debug */,
				9EF7C02C1D5DEF3A001B97AC /* Release */,
			);
			defaultConfigurationIsVisible = 0;
		};
		9EF7C02D1D5DEF3A001B97AC /* Build configuration list for PBXNativeTarget "CollageImageTests" */ = {
			isa = XCConfigurationList;
			buildConfigurations = (
				9EF7C02E1D5DEF3A001B97AC /* Debug */,
				9EF7C02F1D5DEF3A001B97AC /* Release */,
			);
			defaultConfigurationIsVisible = 0;
		};
		9EF7C0301D5DEF3A001B97AC /* Build configuration list for PBXNativeTarget "CollageImageUITests" */ = {
			isa = XCConfigurationList;
			buildConfigurations = (
				9EF7C0311D5DEF3A001B97AC /* Debug */,
				9EF7C0321D5DEF3A001B97AC /* Release */,
			);
			defaultConfigurationIsVisible = 0;
		};
/* End XCConfigurationList section */
	};
	rootObject = 9EF7BFF51D5DEF3A001B97AC /* Project object */;
}
